# THIS IS AN AUTOGENERATED FILE. DO NOT EDIT THIS FILE DIRECTLY.
# yarn lockfile v1


"sortablejs@^1.15.1":
  "integrity" "sha512-P5Cjvb0UG1ZVNiDPj/n4V+DinttXG6K8n7vM/HQf0C25K3YKQTQY6fsr/sEGsJGpQ9exmPxluHxKBc0mLKU1lQ=="
  "resolved" "https://registry.npmjs.org/sortablejs/-/sortablejs-1.15.1.tgz"
  "version" "1.15.1"
